// !$*UTF8*$!
{
	archiveVersion = 1;
	classes = {
	};
	objectVersion = 51;
	objects = {

/* Begin PBXBuildFile section */
		223D0797262CC0C000182609 /* RequestPage.swift in Sources */ = {isa = PBXBuildFile; fileRef = 223D0796262CC0C000182609 /* RequestPage.swift */; };
		223D079C262CC34300182609 /* MovieDetails.swift in Sources */ = {isa = PBXBuildFile; fileRef = 223D079B262CC34300182609 /* MovieDetails.swift */; };
		223D07A4262CC5FC00182609 /* GetSimilarMoviesUseCase.swift in Sources */ = {isa = PBXBuildFile; fileRef = 223D07A3262CC5FC00182609 /* GetSimilarMoviesUseCase.swift */; };
		223D07B2262CCCFE00182609 /* MovieDetailsView.swift in Sources */ = {isa = PBXBuildFile; fileRef = 223D07B1262CCCFE00182609 /* MovieDetailsView.swift */; };
		223D07B7262CCD0900182609 /* MovieDetailsController.swift in Sources */ = {isa = PBXBuildFile; fileRef = 223D07B6262CCD0900182609 /* MovieDetailsController.swift */; };
		223D07BC262CCD1C00182609 /* MovieDetailsViewModel.swift in Sources */ = {isa = PBXBuildFile; fileRef = 223D07BB262CCD1C00182609 /* MovieDetailsViewModel.swift */; };
		223D07D0262CF9CB00182609 /* CoordinatorProtocol.swift in Sources */ = {isa = PBXBuildFile; fileRef = 223D07CF262CF9CB00182609 /* CoordinatorProtocol.swift */; };
		223D07D5262CF9EE00182609 /* AppCoordinator.swift in Sources */ = {isa = PBXBuildFile; fileRef = 223D07D4262CF9EE00182609 /* AppCoordinator.swift */; };
		223D07DA262CFA7400182609 /* MovieCoordinator.swift in Sources */ = {isa = PBXBuildFile; fileRef = 223D07D9262CFA7400182609 /* MovieCoordinator.swift */; };
		223D07E0262CFB1300182609 /* MovieFactory.swift in Sources */ = {isa = PBXBuildFile; fileRef = 223D07DF262CFB1300182609 /* MovieFactory.swift */; };
		223D07E8262D000400182609 /* MovieDetailsView.xib in Resources */ = {isa = PBXBuildFile; fileRef = 223D07E7262D000400182609 /* MovieDetailsView.xib */; };
		223D07F0262D009600182609 /* UIView+Nib.swift in Sources */ = {isa = PBXBuildFile; fileRef = 223D07EF262D009600182609 /* UIView+Nib.swift */; };
		22428F2E262C0372005D932B /* APIHost.swift in Sources */ = {isa = PBXBuildFile; fileRef = 22428F2D262C0372005D932B /* APIHost.swift */; };
		22428F33262C03F0005D932B /* APITarget.swift in Sources */ = {isa = PBXBuildFile; fileRef = 22428F32262C03F0005D932B /* APITarget.swift */; };
		22428F38262C070B005D932B /* APIProvider.swift in Sources */ = {isa = PBXBuildFile; fileRef = 22428F37262C070B005D932B /* APIProvider.swift */; };
		22428F3D262C0766005D932B /* MovieRoutes.swift in Sources */ = {isa = PBXBuildFile; fileRef = 22428F3C262C0766005D932B /* MovieRoutes.swift */; };
		22428F47262C0B2F005D932B /* String+Moya.swift in Sources */ = {isa = PBXBuildFile; fileRef = 22428F46262C0B2F005D932B /* String+Moya.swift */; };
		22428F52262C0F67005D932B /* GetMovieDetailsUseCase.swift in Sources */ = {isa = PBXBuildFile; fileRef = 22428F51262C0F67005D932B /* GetMovieDetailsUseCase.swift */; };
		22428F5A262C0FE4005D932B /* Movie.swift in Sources */ = {isa = PBXBuildFile; fileRef = 22428F59262C0FE4005D932B /* Movie.swift */; };
		22428F60262C10EE005D932B /* RequestError.swift in Sources */ = {isa = PBXBuildFile; fileRef = 22428F5F262C10EE005D932B /* RequestError.swift */; };
		22428F68262C13E2005D932B /* MoyaResponse+Map.swift in Sources */ = {isa = PBXBuildFile; fileRef = 22428F67262C13E2005D932B /* MoyaResponse+Map.swift */; };
		22428F71262C14F3005D932B /* String+Localizable.swift in Sources */ = {isa = PBXBuildFile; fileRef = 22428F70262C14F3005D932B /* String+Localizable.swift */; };
		22428F79262C150F005D932B /* Default.strings in Resources */ = {isa = PBXBuildFile; fileRef = 22428F78262C150F005D932B /* Default.strings */; };
		22428F89262C1D52005D932B /* Collection.swift in Sources */ = {isa = PBXBuildFile; fileRef = 22428F88262C1D52005D932B /* Collection.swift */; };
		22E7E4D9262A580F0066DB0D /* AppDelegate.swift in Sources */ = {isa = PBXBuildFile; fileRef = 22E7E4D8262A580F0066DB0D /* AppDelegate.swift */; };
		22E7E4DB262A580F0066DB0D /* SceneDelegate.swift in Sources */ = {isa = PBXBuildFile; fileRef = 22E7E4DA262A580F0066DB0D /* SceneDelegate.swift */; };
		22E7E4E2262A58100066DB0D /* Assets.xcassets in Resources */ = {isa = PBXBuildFile; fileRef = 22E7E4E1262A58100066DB0D /* Assets.xcassets */; };
		22E7E4E5262A58100066DB0D /* LaunchScreen.storyboard in Resources */ = {isa = PBXBuildFile; fileRef = 22E7E4E3262A58100066DB0D /* LaunchScreen.storyboard */; };
		22E7E4F0262A58100066DB0D /* WellTodoMoviesTests.swift in Sources */ = {isa = PBXBuildFile; fileRef = 22E7E4EF262A58100066DB0D /* WellTodoMoviesTests.swift */; };
		22E7E4FB262A58100066DB0D /* WellTodoMoviesUITests.swift in Sources */ = {isa = PBXBuildFile; fileRef = 22E7E4FA262A58100066DB0D /* WellTodoMoviesUITests.swift */; };
		2C4C4A2E63C853E6571C3CEB /* Pods_WellTodoMovies.framework in Frameworks */ = {isa = PBXBuildFile; fileRef = 45528E66599CD592BE8CE890 /* Pods_WellTodoMovies.framework */; };
		BD6C29E91C0E04EC1340441F /* Pods_WellTodoMovies_WellTodoMoviesUITests.framework in Frameworks */ = {isa = PBXBuildFile; fileRef = 471DECC447DD50FAE41F6D56 /* Pods_WellTodoMovies_WellTodoMoviesUITests.framework */; };
		CA6B94DD2AB60B4ACA8CD329 /* Pods_WellTodoMoviesTests.framework in Frameworks */ = {isa = PBXBuildFile; fileRef = 0F5333E268403B4FD09FBCBC /* Pods_WellTodoMoviesTests.framework */; };
/* End PBXBuildFile section */

/* Begin PBXContainerItemProxy section */
		22E7E4EC262A58100066DB0D /* PBXContainerItemProxy */ = {
			isa = PBXContainerItemProxy;
			containerPortal = 22E7E4CD262A580F0066DB0D /* Project object */;
			proxyType = 1;
			remoteGlobalIDString = 22E7E4D4262A580F0066DB0D;
			remoteInfo = WellTodoMovies;
		};
		22E7E4F7262A58100066DB0D /* PBXContainerItemProxy */ = {
			isa = PBXContainerItemProxy;
			containerPortal = 22E7E4CD262A580F0066DB0D /* Project object */;
			proxyType = 1;
			remoteGlobalIDString = 22E7E4D4262A580F0066DB0D;
			remoteInfo = WellTodoMovies;
		};
/* End PBXContainerItemProxy section */

/* Begin PBXFileReference section */
		0F5333E268403B4FD09FBCBC /* Pods_WellTodoMoviesTests.framework */ = {isa = PBXFileReference; explicitFileType = wrapper.framework; includeInIndex = 0; path = Pods_WellTodoMoviesTests.framework; sourceTree = BUILT_PRODUCTS_DIR; };
		1B127D544D60BFD15161C2B3 /* Pods-WellTodoMovies.release.xcconfig */ = {isa = PBXFileReference; includeInIndex = 1; lastKnownFileType = text.xcconfig; name = "Pods-WellTodoMovies.release.xcconfig"; path = "Target Support Files/Pods-WellTodoMovies/Pods-WellTodoMovies.release.xcconfig"; sourceTree = "<group>"; };
		223D0796262CC0C000182609 /* RequestPage.swift */ = {isa = PBXFileReference; lastKnownFileType = sourcecode.swift; path = RequestPage.swift; sourceTree = "<group>"; };
		223D079B262CC34300182609 /* MovieDetails.swift */ = {isa = PBXFileReference; lastKnownFileType = sourcecode.swift; path = MovieDetails.swift; sourceTree = "<group>"; };
		223D07A3262CC5FC00182609 /* GetSimilarMoviesUseCase.swift */ = {isa = PBXFileReference; lastKnownFileType = sourcecode.swift; path = GetSimilarMoviesUseCase.swift; sourceTree = "<group>"; };
		223D07B1262CCCFE00182609 /* MovieDetailsView.swift */ = {isa = PBXFileReference; lastKnownFileType = sourcecode.swift; path = MovieDetailsView.swift; sourceTree = "<group>"; };
		223D07B6262CCD0900182609 /* MovieDetailsController.swift */ = {isa = PBXFileReference; lastKnownFileType = sourcecode.swift; path = MovieDetailsController.swift; sourceTree = "<group>"; };
		223D07BB262CCD1C00182609 /* MovieDetailsViewModel.swift */ = {isa = PBXFileReference; lastKnownFileType = sourcecode.swift; path = MovieDetailsViewModel.swift; sourceTree = "<group>"; };
		223D07CF262CF9CB00182609 /* CoordinatorProtocol.swift */ = {isa = PBXFileReference; lastKnownFileType = sourcecode.swift; path = CoordinatorProtocol.swift; sourceTree = "<group>"; };
		223D07D4262CF9EE00182609 /* AppCoordinator.swift */ = {isa = PBXFileReference; lastKnownFileType = sourcecode.swift; path = AppCoordinator.swift; sourceTree = "<group>"; };
		223D07D9262CFA7400182609 /* MovieCoordinator.swift */ = {isa = PBXFileReference; lastKnownFileType = sourcecode.swift; path = MovieCoordinator.swift; sourceTree = "<group>"; };
		223D07DF262CFB1300182609 /* MovieFactory.swift */ = {isa = PBXFileReference; lastKnownFileType = sourcecode.swift; path = MovieFactory.swift; sourceTree = "<group>"; };
		223D07E7262D000400182609 /* MovieDetailsView.xib */ = {isa = PBXFileReference; lastKnownFileType = file.xib; path = MovieDetailsView.xib; sourceTree = "<group>"; };
		223D07EF262D009600182609 /* UIView+Nib.swift */ = {isa = PBXFileReference; lastKnownFileType = sourcecode.swift; path = "UIView+Nib.swift"; sourceTree = "<group>"; };
		22428F2D262C0372005D932B /* APIHost.swift */ = {isa = PBXFileReference; lastKnownFileType = sourcecode.swift; path = APIHost.swift; sourceTree = "<group>"; };
		22428F32262C03F0005D932B /* APITarget.swift */ = {isa = PBXFileReference; lastKnownFileType = sourcecode.swift; path = APITarget.swift; sourceTree = "<group>"; };
		22428F37262C070B005D932B /* APIProvider.swift */ = {isa = PBXFileReference; lastKnownFileType = sourcecode.swift; path = APIProvider.swift; sourceTree = "<group>"; };
		22428F3C262C0766005D932B /* MovieRoutes.swift */ = {isa = PBXFileReference; lastKnownFileType = sourcecode.swift; path = MovieRoutes.swift; sourceTree = "<group>"; };
		22428F46262C0B2F005D932B /* String+Moya.swift */ = {isa = PBXFileReference; lastKnownFileType = sourcecode.swift; path = "String+Moya.swift"; sourceTree = "<group>"; };
		22428F51262C0F67005D932B /* GetMovieDetailsUseCase.swift */ = {isa = PBXFileReference; lastKnownFileType = sourcecode.swift; path = GetMovieDetailsUseCase.swift; sourceTree = "<group>"; };
		22428F59262C0FE4005D932B /* Movie.swift */ = {isa = PBXFileReference; lastKnownFileType = sourcecode.swift; path = Movie.swift; sourceTree = "<group>"; };
		22428F5F262C10EE005D932B /* RequestError.swift */ = {isa = PBXFileReference; lastKnownFileType = sourcecode.swift; path = RequestError.swift; sourceTree = "<group>"; };
		22428F67262C13E2005D932B /* MoyaResponse+Map.swift */ = {isa = PBXFileReference; lastKnownFileType = sourcecode.swift; path = "MoyaResponse+Map.swift"; sourceTree = "<group>"; };
		22428F70262C14F3005D932B /* String+Localizable.swift */ = {isa = PBXFileReference; lastKnownFileType = sourcecode.swift; path = "String+Localizable.swift"; sourceTree = "<group>"; };
		22428F78262C150F005D932B /* Default.strings */ = {isa = PBXFileReference; lastKnownFileType = text.plist.strings; path = Default.strings; sourceTree = "<group>"; };
		22428F88262C1D52005D932B /* Collection.swift */ = {isa = PBXFileReference; lastKnownFileType = sourcecode.swift; path = Collection.swift; sourceTree = "<group>"; };
		22E7E4D5262A580F0066DB0D /* WellTodoMovies.app */ = {isa = PBXFileReference; explicitFileType = wrapper.application; includeInIndex = 0; path = WellTodoMovies.app; sourceTree = BUILT_PRODUCTS_DIR; };
		22E7E4D8262A580F0066DB0D /* AppDelegate.swift */ = {isa = PBXFileReference; lastKnownFileType = sourcecode.swift; path = AppDelegate.swift; sourceTree = "<group>"; };
		22E7E4DA262A580F0066DB0D /* SceneDelegate.swift */ = {isa = PBXFileReference; lastKnownFileType = sourcecode.swift; path = SceneDelegate.swift; sourceTree = "<group>"; };
		22E7E4E1262A58100066DB0D /* Assets.xcassets */ = {isa = PBXFileReference; lastKnownFileType = folder.assetcatalog; path = Assets.xcassets; sourceTree = "<group>"; };
		22E7E4E4262A58100066DB0D /* Base */ = {isa = PBXFileReference; lastKnownFileType = file.storyboard; name = Base; path = Base.lproj/LaunchScreen.storyboard; sourceTree = "<group>"; };
		22E7E4E6262A58100066DB0D /* Info.plist */ = {isa = PBXFileReference; lastKnownFileType = text.plist.xml; path = Info.plist; sourceTree = "<group>"; };
		22E7E4EB262A58100066DB0D /* WellTodoMoviesTests.xctest */ = {isa = PBXFileReference; explicitFileType = wrapper.cfbundle; includeInIndex = 0; path = WellTodoMoviesTests.xctest; sourceTree = BUILT_PRODUCTS_DIR; };
		22E7E4EF262A58100066DB0D /* WellTodoMoviesTests.swift */ = {isa = PBXFileReference; lastKnownFileType = sourcecode.swift; path = WellTodoMoviesTests.swift; sourceTree = "<group>"; };
		22E7E4F1262A58100066DB0D /* Info.plist */ = {isa = PBXFileReference; lastKnownFileType = text.plist.xml; path = Info.plist; sourceTree = "<group>"; };
		22E7E4F6262A58100066DB0D /* WellTodoMoviesUITests.xctest */ = {isa = PBXFileReference; explicitFileType = wrapper.cfbundle; includeInIndex = 0; path = WellTodoMoviesUITests.xctest; sourceTree = BUILT_PRODUCTS_DIR; };
		22E7E4FA262A58100066DB0D /* WellTodoMoviesUITests.swift */ = {isa = PBXFileReference; lastKnownFileType = sourcecode.swift; path = WellTodoMoviesUITests.swift; sourceTree = "<group>"; };
		22E7E4FC262A58100066DB0D /* Info.plist */ = {isa = PBXFileReference; lastKnownFileType = text.plist.xml; path = Info.plist; sourceTree = "<group>"; };
		29F87D1DD68D84CFF45C98AF /* Pods-WellTodoMoviesTests.debug.xcconfig */ = {isa = PBXFileReference; includeInIndex = 1; lastKnownFileType = text.xcconfig; name = "Pods-WellTodoMoviesTests.debug.xcconfig"; path = "Target Support Files/Pods-WellTodoMoviesTests/Pods-WellTodoMoviesTests.debug.xcconfig"; sourceTree = "<group>"; };
		2D04B03DA053C5AEB2D70960 /* Pods-WellTodoMoviesTests.release.xcconfig */ = {isa = PBXFileReference; includeInIndex = 1; lastKnownFileType = text.xcconfig; name = "Pods-WellTodoMoviesTests.release.xcconfig"; path = "Target Support Files/Pods-WellTodoMoviesTests/Pods-WellTodoMoviesTests.release.xcconfig"; sourceTree = "<group>"; };
		45528E66599CD592BE8CE890 /* Pods_WellTodoMovies.framework */ = {isa = PBXFileReference; explicitFileType = wrapper.framework; includeInIndex = 0; path = Pods_WellTodoMovies.framework; sourceTree = BUILT_PRODUCTS_DIR; };
		471DECC447DD50FAE41F6D56 /* Pods_WellTodoMovies_WellTodoMoviesUITests.framework */ = {isa = PBXFileReference; explicitFileType = wrapper.framework; includeInIndex = 0; path = Pods_WellTodoMovies_WellTodoMoviesUITests.framework; sourceTree = BUILT_PRODUCTS_DIR; };
		5FFE4813C20562706A4113E5 /* Pods-WellTodoMovies.debug.xcconfig */ = {isa = PBXFileReference; includeInIndex = 1; lastKnownFileType = text.xcconfig; name = "Pods-WellTodoMovies.debug.xcconfig"; path = "Target Support Files/Pods-WellTodoMovies/Pods-WellTodoMovies.debug.xcconfig"; sourceTree = "<group>"; };
		8B2A76CDD3B9D65033A5B932 /* Pods-WellTodoMovies-WellTodoMoviesUITests.debug.xcconfig */ = {isa = PBXFileReference; includeInIndex = 1; lastKnownFileType = text.xcconfig; name = "Pods-WellTodoMovies-WellTodoMoviesUITests.debug.xcconfig"; path = "Target Support Files/Pods-WellTodoMovies-WellTodoMoviesUITests/Pods-WellTodoMovies-WellTodoMoviesUITests.debug.xcconfig"; sourceTree = "<group>"; };
		BBE9020324C1042675B0FC04 /* Pods-WellTodoMovies-WellTodoMoviesUITests.release.xcconfig */ = {isa = PBXFileReference; includeInIndex = 1; lastKnownFileType = text.xcconfig; name = "Pods-WellTodoMovies-WellTodoMoviesUITests.release.xcconfig"; path = "Target Support Files/Pods-WellTodoMovies-WellTodoMoviesUITests/Pods-WellTodoMovies-WellTodoMoviesUITests.release.xcconfig"; sourceTree = "<group>"; };
/* End PBXFileReference section */

/* Begin PBXFrameworksBuildPhase section */
		22E7E4D2262A580F0066DB0D /* Frameworks */ = {
			isa = PBXFrameworksBuildPhase;
			buildActionMask = 2147483647;
			files = (
				2C4C4A2E63C853E6571C3CEB /* Pods_WellTodoMovies.framework in Frameworks */,
			);
			runOnlyForDeploymentPostprocessing = 0;
		};
		22E7E4E8262A58100066DB0D /* Frameworks */ = {
			isa = PBXFrameworksBuildPhase;
			buildActionMask = 2147483647;
			files = (
				CA6B94DD2AB60B4ACA8CD329 /* Pods_WellTodoMoviesTests.framework in Frameworks */,
			);
			runOnlyForDeploymentPostprocessing = 0;
		};
		22E7E4F3262A58100066DB0D /* Frameworks */ = {
			isa = PBXFrameworksBuildPhase;
			buildActionMask = 2147483647;
			files = (
				BD6C29E91C0E04EC1340441F /* Pods_WellTodoMovies_WellTodoMoviesUITests.framework in Frameworks */,
			);
			runOnlyForDeploymentPostprocessing = 0;
		};
/* End PBXFrameworksBuildPhase section */

/* Begin PBXGroup section */
		223D07A8262CCCB900182609 /* Details */ = {
			isa = PBXGroup;
			children = (
				223D07E7262D000400182609 /* MovieDetailsView.xib */,
				223D07B1262CCCFE00182609 /* MovieDetailsView.swift */,
				223D07B6262CCD0900182609 /* MovieDetailsController.swift */,
				223D07BB262CCD1C00182609 /* MovieDetailsViewModel.swift */,
			);
			path = Details;
			sourceTree = "<group>";
		};
		223D07DE262CFAFC00182609 /* Factories */ = {
			isa = PBXGroup;
			children = (
				223D07DF262CFB1300182609 /* MovieFactory.swift */,
			);
			path = Factories;
			sourceTree = "<group>";
		};
		22428F44262C0ABA005D932B /* Support */ = {
			isa = PBXGroup;
			children = (
				22428F45262C0AC3005D932B /* Extensions */,
				223D07DE262CFAFC00182609 /* Factories */,
				22428F6F262C14E2005D932B /* Strings */,
			);
			path = Support;
			sourceTree = "<group>";
		};
		22428F45262C0AC3005D932B /* Extensions */ = {
			isa = PBXGroup;
			children = (
				22428F67262C13E2005D932B /* MoyaResponse+Map.swift */,
				22428F46262C0B2F005D932B /* String+Moya.swift */,
				223D07EF262D009600182609 /* UIView+Nib.swift */,
			);
			path = Extensions;
			sourceTree = "<group>";
		};
		22428F4E262C0F07005D932B /* Movie */ = {
			isa = PBXGroup;
			children = (
				22428F4F262C0F19005D932B /* Domain */,
				22428F50262C0F21005D932B /* Model */,
				223D07A8262CCCB900182609 /* Details */,
			);
			path = Movie;
			sourceTree = "<group>";
		};
		22428F4F262C0F19005D932B /* Domain */ = {
			isa = PBXGroup;
			children = (
				22428F51262C0F67005D932B /* GetMovieDetailsUseCase.swift */,
				223D07A3262CC5FC00182609 /* GetSimilarMoviesUseCase.swift */,
			);
			path = Domain;
			sourceTree = "<group>";
		};
		22428F50262C0F21005D932B /* Model */ = {
			isa = PBXGroup;
			children = (
				22428F59262C0FE4005D932B /* Movie.swift */,
				223D079B262CC34300182609 /* MovieDetails.swift */,
				22428F88262C1D52005D932B /* Collection.swift */,
			);
			path = Model;
			sourceTree = "<group>";
		};
		22428F5E262C10C9005D932B /* Models */ = {
			isa = PBXGroup;
			children = (
				22428F5F262C10EE005D932B /* RequestError.swift */,
				223D0796262CC0C000182609 /* RequestPage.swift */,
			);
			path = Models;
			sourceTree = "<group>";
		};
		22428F6F262C14E2005D932B /* Strings */ = {
			isa = PBXGroup;
			children = (
				22428F78262C150F005D932B /* Default.strings */,
				22428F70262C14F3005D932B /* String+Localizable.swift */,
			);
			path = Strings;
			sourceTree = "<group>";
		};
		22E0A6CB262BB8FE003A752A /* API */ = {
			isa = PBXGroup;
			children = (
				22E0A6D2262BB969003A752A /* Setup */,
				22E0A6D3262BB971003A752A /* Routes */,
			);
			path = API;
			sourceTree = "<group>";
		};
		22E0A6CF262BB905003A752A /* Scenes */ = {
			isa = PBXGroup;
			children = (
				22428F4E262C0F07005D932B /* Movie */,
			);
			path = Scenes;
			sourceTree = "<group>";
		};
		22E0A6D0262BB910003A752A /* Supporting Files */ = {
			isa = PBXGroup;
			children = (
				22E7E4E1262A58100066DB0D /* Assets.xcassets */,
				22E7E4E6262A58100066DB0D /* Info.plist */,
				22E7E4E3262A58100066DB0D /* LaunchScreen.storyboard */,
			);
			path = "Supporting Files";
			sourceTree = "<group>";
		};
		22E0A6D1262BB91C003A752A /* Coordinators */ = {
			isa = PBXGroup;
			children = (
				223D07CF262CF9CB00182609 /* CoordinatorProtocol.swift */,
				223D07D4262CF9EE00182609 /* AppCoordinator.swift */,
				223D07D9262CFA7400182609 /* MovieCoordinator.swift */,
			);
			path = Coordinators;
			sourceTree = "<group>";
		};
		22E0A6D2262BB969003A752A /* Setup */ = {
			isa = PBXGroup;
			children = (
				22428F2D262C0372005D932B /* APIHost.swift */,
				22428F32262C03F0005D932B /* APITarget.swift */,
				22428F37262C070B005D932B /* APIProvider.swift */,
			);
			path = Setup;
			sourceTree = "<group>";
		};
		22E0A6D3262BB971003A752A /* Routes */ = {
			isa = PBXGroup;
			children = (
				22428F3C262C0766005D932B /* MovieRoutes.swift */,
			);
			path = Routes;
			sourceTree = "<group>";
		};
		22E7E4CC262A580F0066DB0D = {
			isa = PBXGroup;
			children = (
				22E7E4D7262A580F0066DB0D /* WellTodoMovies */,
				22E7E4EE262A58100066DB0D /* WellTodoMoviesTests */,
				22E7E4F9262A58100066DB0D /* WellTodoMoviesUITests */,
				22E7E4D6262A580F0066DB0D /* Products */,
				D464A6E6C3C2D587E1867637 /* Pods */,
				93CF6AC6FFA4EEF9BC365124 /* Frameworks */,
			);
			sourceTree = "<group>";
		};
		22E7E4D6262A580F0066DB0D /* Products */ = {
			isa = PBXGroup;
			children = (
				22E7E4D5262A580F0066DB0D /* WellTodoMovies.app */,
				22E7E4EB262A58100066DB0D /* WellTodoMoviesTests.xctest */,
				22E7E4F6262A58100066DB0D /* WellTodoMoviesUITests.xctest */,
			);
			name = Products;
			sourceTree = "<group>";
		};
		22E7E4D7262A580F0066DB0D /* WellTodoMovies */ = {
			isa = PBXGroup;
			children = (
				22E0A6CB262BB8FE003A752A /* API */,
				22428F44262C0ABA005D932B /* Support */,
				22E0A6D1262BB91C003A752A /* Coordinators */,
				22E0A6CF262BB905003A752A /* Scenes */,
				22428F5E262C10C9005D932B /* Models */,
				22E0A6D0262BB910003A752A /* Supporting Files */,
				22E7E4D8262A580F0066DB0D /* AppDelegate.swift */,
				22E7E4DA262A580F0066DB0D /* SceneDelegate.swift */,
			);
			path = WellTodoMovies;
			sourceTree = "<group>";
		};
		22E7E4EE262A58100066DB0D /* WellTodoMoviesTests */ = {
			isa = PBXGroup;
			children = (
				22E7E4EF262A58100066DB0D /* WellTodoMoviesTests.swift */,
				22E7E4F1262A58100066DB0D /* Info.plist */,
			);
			path = WellTodoMoviesTests;
			sourceTree = "<group>";
		};
		22E7E4F9262A58100066DB0D /* WellTodoMoviesUITests */ = {
			isa = PBXGroup;
			children = (
				22E7E4FA262A58100066DB0D /* WellTodoMoviesUITests.swift */,
				22E7E4FC262A58100066DB0D /* Info.plist */,
			);
			path = WellTodoMoviesUITests;
			sourceTree = "<group>";
		};
		93CF6AC6FFA4EEF9BC365124 /* Frameworks */ = {
			isa = PBXGroup;
			children = (
				45528E66599CD592BE8CE890 /* Pods_WellTodoMovies.framework */,
				471DECC447DD50FAE41F6D56 /* Pods_WellTodoMovies_WellTodoMoviesUITests.framework */,
				0F5333E268403B4FD09FBCBC /* Pods_WellTodoMoviesTests.framework */,
			);
			name = Frameworks;
			sourceTree = "<group>";
		};
		D464A6E6C3C2D587E1867637 /* Pods */ = {
			isa = PBXGroup;
			children = (
				5FFE4813C20562706A4113E5 /* Pods-WellTodoMovies.debug.xcconfig */,
				1B127D544D60BFD15161C2B3 /* Pods-WellTodoMovies.release.xcconfig */,
				8B2A76CDD3B9D65033A5B932 /* Pods-WellTodoMovies-WellTodoMoviesUITests.debug.xcconfig */,
				BBE9020324C1042675B0FC04 /* Pods-WellTodoMovies-WellTodoMoviesUITests.release.xcconfig */,
				29F87D1DD68D84CFF45C98AF /* Pods-WellTodoMoviesTests.debug.xcconfig */,
				2D04B03DA053C5AEB2D70960 /* Pods-WellTodoMoviesTests.release.xcconfig */,
			);
			path = Pods;
			sourceTree = "<group>";
		};
/* End PBXGroup section */

/* Begin PBXNativeTarget section */
		22E7E4D4262A580F0066DB0D /* WellTodoMovies */ = {
			isa = PBXNativeTarget;
			buildConfigurationList = 22E7E4FF262A58100066DB0D /* Build configuration list for PBXNativeTarget "WellTodoMovies" */;
			buildPhases = (
				5BD6D04D75A225CAF0E7565B /* [CP] Check Pods Manifest.lock */,
				22E7E4D1262A580F0066DB0D /* Sources */,
				22E7E4D2262A580F0066DB0D /* Frameworks */,
				22E7E4D3262A580F0066DB0D /* Resources */,
				8BA5A1D006188499AB742FA3 /* [CP] Embed Pods Frameworks */,
			);
			buildRules = (
			);
			dependencies = (
			);
			name = WellTodoMovies;
			productName = WellTodoMovies;
			productReference = 22E7E4D5262A580F0066DB0D /* WellTodoMovies.app */;
			productType = "com.apple.product-type.application";
		};
		22E7E4EA262A58100066DB0D /* WellTodoMoviesTests */ = {
			isa = PBXNativeTarget;
			buildConfigurationList = 22E7E502262A58100066DB0D /* Build configuration list for PBXNativeTarget "WellTodoMoviesTests" */;
			buildPhases = (
				AEB0C9A20B45C344E5B6674E /* [CP] Check Pods Manifest.lock */,
				22E7E4E7262A58100066DB0D /* Sources */,
				22E7E4E8262A58100066DB0D /* Frameworks */,
				22E7E4E9262A58100066DB0D /* Resources */,
			);
			buildRules = (
			);
			dependencies = (
				22E7E4ED262A58100066DB0D /* PBXTargetDependency */,
			);
			name = WellTodoMoviesTests;
			productName = WellTodoMoviesTests;
			productReference = 22E7E4EB262A58100066DB0D /* WellTodoMoviesTests.xctest */;
			productType = "com.apple.product-type.bundle.unit-test";
		};
		22E7E4F5262A58100066DB0D /* WellTodoMoviesUITests */ = {
			isa = PBXNativeTarget;
			buildConfigurationList = 22E7E505262A58100066DB0D /* Build configuration list for PBXNativeTarget "WellTodoMoviesUITests" */;
			buildPhases = (
				3A8B0B28A5BB87C9D1FF189C /* [CP] Check Pods Manifest.lock */,
				22E7E4F2262A58100066DB0D /* Sources */,
				22E7E4F3262A58100066DB0D /* Frameworks */,
				22E7E4F4262A58100066DB0D /* Resources */,
				65AE84239311F5486A7FE173 /* [CP] Embed Pods Frameworks */,
			);
			buildRules = (
			);
			dependencies = (
				22E7E4F8262A58100066DB0D /* PBXTargetDependency */,
			);
			name = WellTodoMoviesUITests;
			productName = WellTodoMoviesUITests;
			productReference = 22E7E4F6262A58100066DB0D /* WellTodoMoviesUITests.xctest */;
			productType = "com.apple.product-type.bundle.ui-testing";
		};
/* End PBXNativeTarget section */

/* Begin PBXProject section */
		22E7E4CD262A580F0066DB0D /* Project object */ = {
			isa = PBXProject;
			attributes = {
				LastSwiftUpdateCheck = 1240;
				LastUpgradeCheck = 1240;
				TargetAttributes = {
					22E7E4D4262A580F0066DB0D = {
						CreatedOnToolsVersion = 12.4;
					};
					22E7E4EA262A58100066DB0D = {
						CreatedOnToolsVersion = 12.4;
						TestTargetID = 22E7E4D4262A580F0066DB0D;
					};
					22E7E4F5262A58100066DB0D = {
						CreatedOnToolsVersion = 12.4;
						TestTargetID = 22E7E4D4262A580F0066DB0D;
					};
				};
			};
			buildConfigurationList = 22E7E4D0262A580F0066DB0D /* Build configuration list for PBXProject "WellTodoMovies" */;
			compatibilityVersion = "Xcode 9.3";
			developmentRegion = en;
			hasScannedForEncodings = 0;
			knownRegions = (
				en,
				Base,
			);
			mainGroup = 22E7E4CC262A580F0066DB0D;
			productRefGroup = 22E7E4D6262A580F0066DB0D /* Products */;
			projectDirPath = "";
			projectRoot = "";
			targets = (
				22E7E4D4262A580F0066DB0D /* WellTodoMovies */,
				22E7E4EA262A58100066DB0D /* WellTodoMoviesTests */,
				22E7E4F5262A58100066DB0D /* WellTodoMoviesUITests */,
			);
		};
/* End PBXProject section */

/* Begin PBXResourcesBuildPhase section */
		22E7E4D3262A580F0066DB0D /* Resources */ = {
			isa = PBXResourcesBuildPhase;
			buildActionMask = 2147483647;
			files = (
				22428F79262C150F005D932B /* Default.strings in Resources */,
				22E7E4E5262A58100066DB0D /* LaunchScreen.storyboard in Resources */,
				223D07E8262D000400182609 /* MovieDetailsView.xib in Resources */,
				22E7E4E2262A58100066DB0D /* Assets.xcassets in Resources */,
			);
			runOnlyForDeploymentPostprocessing = 0;
		};
		22E7E4E9262A58100066DB0D /* Resources */ = {
			isa = PBXResourcesBuildPhase;
			buildActionMask = 2147483647;
			files = (
			);
			runOnlyForDeploymentPostprocessing = 0;
		};
		22E7E4F4262A58100066DB0D /* Resources */ = {
			isa = PBXResourcesBuildPhase;
			buildActionMask = 2147483647;
			files = (
			);
			runOnlyForDeploymentPostprocessing = 0;
		};
/* End PBXResourcesBuildPhase section */

/* Begin PBXShellScriptBuildPhase section */
		3A8B0B28A5BB87C9D1FF189C /* [CP] Check Pods Manifest.lock */ = {
			isa = PBXShellScriptBuildPhase;
			buildActionMask = 2147483647;
			files = (
			);
			inputFileListPaths = (
			);
			inputPaths = (
				"${PODS_PODFILE_DIR_PATH}/Podfile.lock",
				"${PODS_ROOT}/Manifest.lock",
			);
			name = "[CP] Check Pods Manifest.lock";
			outputFileListPaths = (
			);
			outputPaths = (
				"$(DERIVED_FILE_DIR)/Pods-WellTodoMovies-WellTodoMoviesUITests-checkManifestLockResult.txt",
			);
			runOnlyForDeploymentPostprocessing = 0;
			shellPath = /bin/sh;
			shellScript = "diff \"${PODS_PODFILE_DIR_PATH}/Podfile.lock\" \"${PODS_ROOT}/Manifest.lock\" > /dev/null\nif [ $? != 0 ] ; then\n    # print error to STDERR\n    echo \"error: The sandbox is not in sync with the Podfile.lock. Run 'pod install' or update your CocoaPods installation.\" >&2\n    exit 1\nfi\n# This output is used by Xcode 'outputs' to avoid re-running this script phase.\necho \"SUCCESS\" > \"${SCRIPT_OUTPUT_FILE_0}\"\n";
			showEnvVarsInLog = 0;
		};
		5BD6D04D75A225CAF0E7565B /* [CP] Check Pods Manifest.lock */ = {
			isa = PBXShellScriptBuildPhase;
			buildActionMask = 2147483647;
			files = (
			);
			inputFileListPaths = (
			);
			inputPaths = (
				"${PODS_PODFILE_DIR_PATH}/Podfile.lock",
				"${PODS_ROOT}/Manifest.lock",
			);
			name = "[CP] Check Pods Manifest.lock";
			outputFileListPaths = (
			);
			outputPaths = (
				"$(DERIVED_FILE_DIR)/Pods-WellTodoMovies-checkManifestLockResult.txt",
			);
			runOnlyForDeploymentPostprocessing = 0;
			shellPath = /bin/sh;
			shellScript = "diff \"${PODS_PODFILE_DIR_PATH}/Podfile.lock\" \"${PODS_ROOT}/Manifest.lock\" > /dev/null\nif [ $? != 0 ] ; then\n    # print error to STDERR\n    echo \"error: The sandbox is not in sync with the Podfile.lock. Run 'pod install' or update your CocoaPods installation.\" >&2\n    exit 1\nfi\n# This output is used by Xcode 'outputs' to avoid re-running this script phase.\necho \"SUCCESS\" > \"${SCRIPT_OUTPUT_FILE_0}\"\n";
			showEnvVarsInLog = 0;
		};
		65AE84239311F5486A7FE173 /* [CP] Embed Pods Frameworks */ = {
			isa = PBXShellScriptBuildPhase;
			buildActionMask = 2147483647;
			files = (
			);
			inputFileListPaths = (
				"${PODS_ROOT}/Target Support Files/Pods-WellTodoMovies-WellTodoMoviesUITests/Pods-WellTodoMovies-WellTodoMoviesUITests-frameworks-${CONFIGURATION}-input-files.xcfilelist",
			);
			name = "[CP] Embed Pods Frameworks";
			outputFileListPaths = (
				"${PODS_ROOT}/Target Support Files/Pods-WellTodoMovies-WellTodoMoviesUITests/Pods-WellTodoMovies-WellTodoMoviesUITests-frameworks-${CONFIGURATION}-output-files.xcfilelist",
			);
			runOnlyForDeploymentPostprocessing = 0;
			shellPath = /bin/sh;
			shellScript = "\"${PODS_ROOT}/Target Support Files/Pods-WellTodoMovies-WellTodoMoviesUITests/Pods-WellTodoMovies-WellTodoMoviesUITests-frameworks.sh\"\n";
			showEnvVarsInLog = 0;
		};
		8BA5A1D006188499AB742FA3 /* [CP] Embed Pods Frameworks */ = {
			isa = PBXShellScriptBuildPhase;
			buildActionMask = 2147483647;
			files = (
			);
			inputFileListPaths = (
				"${PODS_ROOT}/Target Support Files/Pods-WellTodoMovies/Pods-WellTodoMovies-frameworks-${CONFIGURATION}-input-files.xcfilelist",
			);
			name = "[CP] Embed Pods Frameworks";
			outputFileListPaths = (
				"${PODS_ROOT}/Target Support Files/Pods-WellTodoMovies/Pods-WellTodoMovies-frameworks-${CONFIGURATION}-output-files.xcfilelist",
			);
			runOnlyForDeploymentPostprocessing = 0;
			shellPath = /bin/sh;
			shellScript = "\"${PODS_ROOT}/Target Support Files/Pods-WellTodoMovies/Pods-WellTodoMovies-frameworks.sh\"\n";
			showEnvVarsInLog = 0;
		};
		AEB0C9A20B45C344E5B6674E /* [CP] Check Pods Manifest.lock */ = {
			isa = PBXShellScriptBuildPhase;
			buildActionMask = 2147483647;
			files = (
			);
			inputFileListPaths = (
			);
			inputPaths = (
				"${PODS_PODFILE_DIR_PATH}/Podfile.lock",
				"${PODS_ROOT}/Manifest.lock",
			);
			name = "[CP] Check Pods Manifest.lock";
			outputFileListPaths = (
			);
			outputPaths = (
				"$(DERIVED_FILE_DIR)/Pods-WellTodoMoviesTests-checkManifestLockResult.txt",
			);
			runOnlyForDeploymentPostprocessing = 0;
			shellPath = /bin/sh;
			shellScript = "diff \"${PODS_PODFILE_DIR_PATH}/Podfile.lock\" \"${PODS_ROOT}/Manifest.lock\" > /dev/null\nif [ $? != 0 ] ; then\n    # print error to STDERR\n    echo \"error: The sandbox is not in sync with the Podfile.lock. Run 'pod install' or update your CocoaPods installation.\" >&2\n    exit 1\nfi\n# This output is used by Xcode 'outputs' to avoid re-running this script phase.\necho \"SUCCESS\" > \"${SCRIPT_OUTPUT_FILE_0}\"\n";
			showEnvVarsInLog = 0;
		};
/* End PBXShellScriptBuildPhase section */

/* Begin PBXSourcesBuildPhase section */
		22E7E4D1262A580F0066DB0D /* Sources */ = {
			isa = PBXSourcesBuildPhase;
			buildActionMask = 2147483647;
			files = (
				223D07BC262CCD1C00182609 /* MovieDetailsViewModel.swift in Sources */,
				223D07B7262CCD0900182609 /* MovieDetailsController.swift in Sources */,
				223D07D0262CF9CB00182609 /* CoordinatorProtocol.swift in Sources */,
				22428F2E262C0372005D932B /* APIHost.swift in Sources */,
				22428F52262C0F67005D932B /* GetMovieDetailsUseCase.swift in Sources */,
				223D079C262CC34300182609 /* MovieDetails.swift in Sources */,
				223D07E0262CFB1300182609 /* MovieFactory.swift in Sources */,
				223D07D5262CF9EE00182609 /* AppCoordinator.swift in Sources */,
				223D07F0262D009600182609 /* UIView+Nib.swift in Sources */,
				22428F68262C13E2005D932B /* MoyaResponse+Map.swift in Sources */,
				22428F60262C10EE005D932B /* RequestError.swift in Sources */,
				223D07B2262CCCFE00182609 /* MovieDetailsView.swift in Sources */,
				22428F89262C1D52005D932B /* Collection.swift in Sources */,
				22E7E4D9262A580F0066DB0D /* AppDelegate.swift in Sources */,
				22428F5A262C0FE4005D932B /* Movie.swift in Sources */,
				22428F33262C03F0005D932B /* APITarget.swift in Sources */,
				22428F47262C0B2F005D932B /* String+Moya.swift in Sources */,
				223D0797262CC0C000182609 /* RequestPage.swift in Sources */,
				22E7E4DB262A580F0066DB0D /* SceneDelegate.swift in Sources */,
				223D07DA262CFA7400182609 /* MovieCoordinator.swift in Sources */,
				22428F38262C070B005D932B /* APIProvider.swift in Sources */,
				223D07A4262CC5FC00182609 /* GetSimilarMoviesUseCase.swift in Sources */,
				22428F71262C14F3005D932B /* String+Localizable.swift in Sources */,
				22428F3D262C0766005D932B /* MovieRoutes.swift in Sources */,
			);
			runOnlyForDeploymentPostprocessing = 0;
		};
		22E7E4E7262A58100066DB0D /* Sources */ = {
			isa = PBXSourcesBuildPhase;
			buildActionMask = 2147483647;
			files = (
				22E7E4F0262A58100066DB0D /* WellTodoMoviesTests.swift in Sources */,
			);
			runOnlyForDeploymentPostprocessing = 0;
		};
		22E7E4F2262A58100066DB0D /* Sources */ = {
			isa = PBXSourcesBuildPhase;
			buildActionMask = 2147483647;
			files = (
				22E7E4FB262A58100066DB0D /* WellTodoMoviesUITests.swift in Sources */,
			);
			runOnlyForDeploymentPostprocessing = 0;
		};
/* End PBXSourcesBuildPhase section */

/* Begin PBXTargetDependency section */
		22E7E4ED262A58100066DB0D /* PBXTargetDependency */ = {
			isa = PBXTargetDependency;
			target = 22E7E4D4262A580F0066DB0D /* WellTodoMovies */;
			targetProxy = 22E7E4EC262A58100066DB0D /* PBXContainerItemProxy */;
		};
		22E7E4F8262A58100066DB0D /* PBXTargetDependency */ = {
			isa = PBXTargetDependency;
			target = 22E7E4D4262A580F0066DB0D /* WellTodoMovies */;
			targetProxy = 22E7E4F7262A58100066DB0D /* PBXContainerItemProxy */;
		};
/* End PBXTargetDependency section */

/* Begin PBXVariantGroup section */
		22E7E4E3262A58100066DB0D /* LaunchScreen.storyboard */ = {
			isa = PBXVariantGroup;
			children = (
				22E7E4E4262A58100066DB0D /* Base */,
			);
			name = LaunchScreen.storyboard;
			sourceTree = "<group>";
		};
/* End PBXVariantGroup section */

/* Begin XCBuildConfiguration section */
		22E7E4FD262A58100066DB0D /* Debug */ = {
			isa = XCBuildConfiguration;
			buildSettings = {
				ALWAYS_SEARCH_USER_PATHS = NO;
				CLANG_ANALYZER_NONNULL = YES;
				CLANG_ANALYZER_NUMBER_OBJECT_CONVERSION = YES_AGGRESSIVE;
				CLANG_CXX_LANGUAGE_STANDARD = "gnu++14";
				CLANG_CXX_LIBRARY = "libc++";
				CLANG_ENABLE_MODULES = YES;
				CLANG_ENABLE_OBJC_ARC = YES;
				CLANG_ENABLE_OBJC_WEAK = YES;
				CLANG_WARN_BLOCK_CAPTURE_AUTORELEASING = YES;
				CLANG_WARN_BOOL_CONVERSION = YES;
				CLANG_WARN_COMMA = YES;
				CLANG_WARN_CONSTANT_CONVERSION = YES;
				CLANG_WARN_DEPRECATED_OBJC_IMPLEMENTATIONS = YES;
				CLANG_WARN_DIRECT_OBJC_ISA_USAGE = YES_ERROR;
				CLANG_WARN_DOCUMENTATION_COMMENTS = YES;
				CLANG_WARN_EMPTY_BODY = YES;
				CLANG_WARN_ENUM_CONVERSION = YES;
				CLANG_WARN_INFINITE_RECURSION = YES;
				CLANG_WARN_INT_CONVERSION = YES;
				CLANG_WARN_NON_LITERAL_NULL_CONVERSION = YES;
				CLANG_WARN_OBJC_IMPLICIT_RETAIN_SELF = YES;
				CLANG_WARN_OBJC_LITERAL_CONVERSION = YES;
				CLANG_WARN_OBJC_ROOT_CLASS = YES_ERROR;
				CLANG_WARN_QUOTED_INCLUDE_IN_FRAMEWORK_HEADER = YES;
				CLANG_WARN_RANGE_LOOP_ANALYSIS = YES;
				CLANG_WARN_STRICT_PROTOTYPES = YES;
				CLANG_WARN_SUSPICIOUS_MOVE = YES;
				CLANG_WARN_UNGUARDED_AVAILABILITY = YES_AGGRESSIVE;
				CLANG_WARN_UNREACHABLE_CODE = YES;
				CLANG_WARN__DUPLICATE_METHOD_MATCH = YES;
				COPY_PHASE_STRIP = NO;
				DEBUG_INFORMATION_FORMAT = dwarf;
				ENABLE_STRICT_OBJC_MSGSEND = YES;
				ENABLE_TESTABILITY = YES;
				GCC_C_LANGUAGE_STANDARD = gnu11;
				GCC_DYNAMIC_NO_PIC = NO;
				GCC_NO_COMMON_BLOCKS = YES;
				GCC_OPTIMIZATION_LEVEL = 0;
				GCC_PREPROCESSOR_DEFINITIONS = (
					"DEBUG=1",
					"$(inherited)",
				);
				GCC_WARN_64_TO_32_BIT_CONVERSION = YES;
				GCC_WARN_ABOUT_RETURN_TYPE = YES_ERROR;
				GCC_WARN_UNDECLARED_SELECTOR = YES;
				GCC_WARN_UNINITIALIZED_AUTOS = YES_AGGRESSIVE;
				GCC_WARN_UNUSED_FUNCTION = YES;
				GCC_WARN_UNUSED_VARIABLE = YES;
				IPHONEOS_DEPLOYMENT_TARGET = 13.0;
				MTL_ENABLE_DEBUG_INFO = INCLUDE_SOURCE;
				MTL_FAST_MATH = YES;
				ONLY_ACTIVE_ARCH = YES;
				SDKROOT = iphoneos;
				SWIFT_ACTIVE_COMPILATION_CONDITIONS = DEBUG;
				SWIFT_OPTIMIZATION_LEVEL = "-Onone";
			};
			name = Debug;
		};
		22E7E4FE262A58100066DB0D /* Release */ = {
			isa = XCBuildConfiguration;
			buildSettings = {
				ALWAYS_SEARCH_USER_PATHS = NO;
				CLANG_ANALYZER_NONNULL = YES;
				CLANG_ANALYZER_NUMBER_OBJECT_CONVERSION = YES_AGGRESSIVE;
				CLANG_CXX_LANGUAGE_STANDARD = "gnu++14";
				CLANG_CXX_LIBRARY = "libc++";
				CLANG_ENABLE_MODULES = YES;
				CLANG_ENABLE_OBJC_ARC = YES;
				CLANG_ENABLE_OBJC_WEAK = YES;
				CLANG_WARN_BLOCK_CAPTURE_AUTORELEASING = YES;
				CLANG_WARN_BOOL_CONVERSION = YES;
				CLANG_WARN_COMMA = YES;
				CLANG_WARN_CONSTANT_CONVERSION = YES;
				CLANG_WARN_DEPRECATED_OBJC_IMPLEMENTATIONS = YES;
				CLANG_WARN_DIRECT_OBJC_ISA_USAGE = YES_ERROR;
				CLANG_WARN_DOCUMENTATION_COMMENTS = YES;
				CLANG_WARN_EMPTY_BODY = YES;
				CLANG_WARN_ENUM_CONVERSION = YES;
				CLANG_WARN_INFINITE_RECURSION = YES;
				CLANG_WARN_INT_CONVERSION = YES;
				CLANG_WARN_NON_LITERAL_NULL_CONVERSION = YES;
				CLANG_WARN_OBJC_IMPLICIT_RETAIN_SELF = YES;
				CLANG_WARN_OBJC_LITERAL_CONVERSION = YES;
				CLANG_WARN_OBJC_ROOT_CLASS = YES_ERROR;
				CLANG_WARN_QUOTED_INCLUDE_IN_FRAMEWORK_HEADER = YES;
				CLANG_WARN_RANGE_LOOP_ANALYSIS = YES;
				CLANG_WARN_STRICT_PROTOTYPES = YES;
				CLANG_WARN_SUSPICIOUS_MOVE = YES;
				CLANG_WARN_UNGUARDED_AVAILABILITY = YES_AGGRESSIVE;
				CLANG_WARN_UNREACHABLE_CODE = YES;
				CLANG_WARN__DUPLICATE_METHOD_MATCH = YES;
				COPY_PHASE_STRIP = NO;
				DEBUG_INFORMATION_FORMAT = "dwarf-with-dsym";
				ENABLE_NS_ASSERTIONS = NO;
				ENABLE_STRICT_OBJC_MSGSEND = YES;
				GCC_C_LANGUAGE_STANDARD = gnu11;
				GCC_NO_COMMON_BLOCKS = YES;
				GCC_WARN_64_TO_32_BIT_CONVERSION = YES;
				GCC_WARN_ABOUT_RETURN_TYPE = YES_ERROR;
				GCC_WARN_UNDECLARED_SELECTOR = YES;
				GCC_WARN_UNINITIALIZED_AUTOS = YES_AGGRESSIVE;
				GCC_WARN_UNUSED_FUNCTION = YES;
				GCC_WARN_UNUSED_VARIABLE = YES;
				IPHONEOS_DEPLOYMENT_TARGET = 13.0;
				MTL_ENABLE_DEBUG_INFO = NO;
				MTL_FAST_MATH = YES;
				SDKROOT = iphoneos;
				SWIFT_COMPILATION_MODE = wholemodule;
				SWIFT_OPTIMIZATION_LEVEL = "-O";
				VALIDATE_PRODUCT = YES;
			};
			name = Release;
		};
		22E7E500262A58100066DB0D /* Debug */ = {
			isa = XCBuildConfiguration;
			baseConfigurationReference = 5FFE4813C20562706A4113E5 /* Pods-WellTodoMovies.debug.xcconfig */;
			buildSettings = {
				ALWAYS_EMBED_SWIFT_STANDARD_LIBRARIES = "$(inherited)";
				ASSETCATALOG_COMPILER_APPICON_NAME = AppIcon;
				ASSETCATALOG_COMPILER_GLOBAL_ACCENT_COLOR_NAME = AccentColor;
				CODE_SIGN_STYLE = Automatic;
				DEVELOPMENT_TEAM = 9BC293Z6NF;
				INFOPLIST_FILE = "WellTodoMovies/Supporting Files/Info.plist";
				IPHONEOS_DEPLOYMENT_TARGET = 13.0;
				LD_RUNPATH_SEARCH_PATHS = (
					"$(inherited)",
					"@executable_path/Frameworks",
				);
				PRODUCT_BUNDLE_IDENTIFIER = br.com.wnhirsch.WellTodoMovies;
				PRODUCT_NAME = "$(TARGET_NAME)";
				SWIFT_VERSION = 5.0;
				TARGETED_DEVICE_FAMILY = "1,2";
			};
			name = Debug;
		};
		22E7E501262A58100066DB0D /* Release */ = {
			isa = XCBuildConfiguration;
			baseConfigurationReference = 1B127D544D60BFD15161C2B3 /* Pods-WellTodoMovies.release.xcconfig */;
			buildSettings = {
				ALWAYS_EMBED_SWIFT_STANDARD_LIBRARIES = "$(inherited)";
				ASSETCATALOG_COMPILER_APPICON_NAME = AppIcon;
				ASSETCATALOG_COMPILER_GLOBAL_ACCENT_COLOR_NAME = AccentColor;
				CODE_SIGN_STYLE = Automatic;
				DEVELOPMENT_TEAM = 9BC293Z6NF;
				INFOPLIST_FILE = "WellTodoMovies/Supporting Files/Info.plist";
				IPHONEOS_DEPLOYMENT_TARGET = 13.0;
				LD_RUNPATH_SEARCH_PATHS = (
					"$(inherited)",
					"@executable_path/Frameworks",
				);
				PRODUCT_BUNDLE_IDENTIFIER = br.com.wnhirsch.WellTodoMovies;
				PRODUCT_NAME = "$(TARGET_NAME)";
				SWIFT_VERSION = 5.0;
				TARGETED_DEVICE_FAMILY = "1,2";
			};
			name = Release;
		};
		22E7E503262A58100066DB0D /* Debug */ = {
			isa = XCBuildConfiguration;
			baseConfigurationReference = 29F87D1DD68D84CFF45C98AF /* Pods-WellTodoMoviesTests.debug.xcconfig */;
			buildSettings = {
				ALWAYS_EMBED_SWIFT_STANDARD_LIBRARIES = "$(inherited)";
				BUNDLE_LOADER = "$(TEST_HOST)";
				CODE_SIGN_STYLE = Automatic;
				DEVELOPMENT_TEAM = 9BC293Z6NF;
				INFOPLIST_FILE = WellTodoMoviesTests/Info.plist;
				IPHONEOS_DEPLOYMENT_TARGET = 14.4;
				LD_RUNPATH_SEARCH_PATHS = (
					"$(inherited)",
					"@executable_path/Frameworks",
					"@loader_path/Frameworks",
				);
				PRODUCT_BUNDLE_IDENTIFIER = br.com.wnhirsch.WellTodoMoviesTests;
				PRODUCT_NAME = "$(TARGET_NAME)";
				SWIFT_VERSION = 5.0;
				TARGETED_DEVICE_FAMILY = "1,2";
				TEST_HOST = "$(BUILT_PRODUCTS_DIR)/WellTodoMovies.app/WellTodoMovies";
			};
			name = Debug;
		};
		22E7E504262A58100066DB0D /* Release */ = {
			isa = XCBuildConfiguration;
			baseConfigurationReference = 2D04B03DA053C5AEB2D70960 /* Pods-WellTodoMoviesTests.release.xcconfig */;
			buildSettings = {
				ALWAYS_EMBED_SWIFT_STANDARD_LIBRARIES = "$(inherited)";
				BUNDLE_LOADER = "$(TEST_HOST)";
				CODE_SIGN_STYLE = Automatic;
				DEVELOPMENT_TEAM = 9BC293Z6NF;
				INFOPLIST_FILE = WellTodoMoviesTests/Info.plist;
				IPHONEOS_DEPLOYMENT_TARGET = 14.4;
				LD_RUNPATH_SEARCH_PATHS = (
					"$(inherited)",
					"@executable_path/Frameworks",
					"@loader_path/Frameworks",
				);
				PRODUCT_BUNDLE_IDENTIFIER = br.com.wnhirsch.WellTodoMoviesTests;
				PRODUCT_NAME = "$(TARGET_NAME)";
				SWIFT_VERSION = 5.0;
				TARGETED_DEVICE_FAMILY = "1,2";
				TEST_HOST = "$(BUILT_PRODUCTS_DIR)/WellTodoMovies.app/WellTodoMovies";
			};
			name = Release;
		};
		22E7E506262A58100066DB0D /* Debug */ = {
			isa = XCBuildConfiguration;
			baseConfigurationReference = 8B2A76CDD3B9D65033A5B932 /* Pods-WellTodoMovies-WellTodoMoviesUITests.debug.xcconfig */;
			buildSettings = {
				ALWAYS_EMBED_SWIFT_STANDARD_LIBRARIES = "$(inherited)";
				CODE_SIGN_STYLE = Automatic;
				DEVELOPMENT_TEAM = 9BC293Z6NF;
				INFOPLIST_FILE = WellTodoMoviesUITests/Info.plist;
				LD_RUNPATH_SEARCH_PATHS = (
					"$(inherited)",
					"@executable_path/Frameworks",
					"@loader_path/Frameworks",
				);
				PRODUCT_BUNDLE_IDENTIFIER = br.com.wnhirsch.WellTodoMoviesUITests;
				PRODUCT_NAME = "$(TARGET_NAME)";
				SWIFT_VERSION = 5.0;
				TARGETED_DEVICE_FAMILY = "1,2";
				TEST_TARGET_NAME = WellTodoMovies;
			};
			name = Debug;
		};
		22E7E507262A58100066DB0D /* Release */ = {
			isa = XCBuildConfiguration;
			baseConfigurationReference = BBE9020324C1042675B0FC04 /* Pods-WellTodoMovies-WellTodoMoviesUITests.release.xcconfig */;
			buildSettings = {
				ALWAYS_EMBED_SWIFT_STANDARD_LIBRARIES = "$(inherited)";
				CODE_SIGN_STYLE = Automatic;
				DEVELOPMENT_TEAM = 9BC293Z6NF;
				INFOPLIST_FILE = WellTodoMoviesUITests/Info.plist;
				LD_RUNPATH_SEARCH_PATHS = (
					"$(inherited)",
					"@executable_path/Frameworks",
					"@loader_path/Frameworks",
				);
				PRODUCT_BUNDLE_IDENTIFIER = br.com.wnhirsch.WellTodoMoviesUITests;
				PRODUCT_NAME = "$(TARGET_NAME)";
				SWIFT_VERSION = 5.0;
				TARGETED_DEVICE_FAMILY = "1,2";
				TEST_TARGET_NAME = WellTodoMovies;
			};
			name = Release;
		};
/* End XCBuildConfiguration section */

/* Begin XCConfigurationList section */
		22E7E4D0262A580F0066DB0D /* Build configuration list for PBXProject "WellTodoMovies" */ = {
			isa = XCConfigurationList;
			buildConfigurations = (
				22E7E4FD262A58100066DB0D /* Debug */,
				22E7E4FE262A58100066DB0D /* Release */,
			);
			defaultConfigurationIsVisible = 0;
			defaultConfigurationName = Release;
		};
		22E7E4FF262A58100066DB0D /* Build configuration list for PBXNativeTarget "WellTodoMovies" */ = {
			isa = XCConfigurationList;
			buildConfigurations = (
				22E7E500262A58100066DB0D /* Debug */,
				22E7E501262A58100066DB0D /* Release */,
			);
			defaultConfigurationIsVisible = 0;
			defaultConfigurationName = Release;
		};
		22E7E502262A58100066DB0D /* Build configuration list for PBXNativeTarget "WellTodoMoviesTests" */ = {
			isa = XCConfigurationList;
			buildConfigurations = (
				22E7E503262A58100066DB0D /* Debug */,
				22E7E504262A58100066DB0D /* Release */,
			);
			defaultConfigurationIsVisible = 0;
			defaultConfigurationName = Release;
		};
		22E7E505262A58100066DB0D /* Build configuration list for PBXNativeTarget "WellTodoMoviesUITests" */ = {
			isa = XCConfigurationList;
			buildConfigurations = (
				22E7E506262A58100066DB0D /* Debug */,
				22E7E507262A58100066DB0D /* Release */,
			);
			defaultConfigurationIsVisible = 0;
			defaultConfigurationName = Release;
		};
/* End XCConfigurationList section */
	};
	rootObject = 22E7E4CD262A580F0066DB0D /* Project object */;
}
